
Microsoft Visual Studio Solution File, Format Version 12.00
# Visual Studio Version 17
VisualStudioVersion = 17.5.33530.505
MinimumVisualStudioVersion = 10.0.40219.1
Project("{FAE04EC0-301F-11D3-BF4B-00C04F79EFBC}") = "Ejer5", "Ejer5\Ejer5.csproj", "{48037F5A-FED0-424E-9CB3-A4944317CF55}"
EndProject
Global
	GlobalSection(SolutionConfigurationPlatforms) = preSolution
		Debug|Any CPU = Debug|Any CPU
		Release|Any CPU = Release|Any CPU
	EndGlobalSection
	GlobalSection(ProjectConfigurationPlatforms) = postSolution
		{48037F5A-FED0-424E-9CB3-A4944317CF55}.Debug|Any CPU.ActiveCfg = Debug|Any CPU
		{48037F5A-FED0-424E-9CB3-A4944317CF55}.Debug|Any CPU.Build.0 = Debug|Any CPU
		{48037F5A-FED0-424E-9CB3-A4944317CF55}.Release|Any CPU.ActiveCfg = Release|Any CPU
		{48037F5A-FED0-424E-9CB3-A4944317CF55}.Release|Any CPU.Build.0 = Release|Any CPU
	EndGlobalSection
	GlobalSection(SolutionProperties) = preSolution
		HideSolutionNode = FALSE
	EndGlobalSection
	GlobalSection(ExtensibilityGlobals) = postSolution
		SolutionGuid = {432E8808-E9C4-419C-8D16-F934E93766B8}
	EndGlobalSection
EndGlobal
